PODS:
  - Alamofire (4.0.1)
  - IQKeyboardManager (4.0.6)
  - SDWebImage (3.8.2):
    - SDWebImage/Core (= 3.8.2)
  - SDWebImage/Core (3.8.2)

DEPENDENCIES:
  - Alamofire
  - IQKeyboardManager
  - SDWebImage

SPEC CHECKSUMS:
  Alamofire: 7682d43245de14874acd142ec137b144aa1dd335
  IQKeyboardManager: c52debb1967799ae7addb98eab0cf328083a874f
  SDWebImage: 098e97e6176540799c27e804c96653ee0833d13c

PODFILE CHECKSUM: 6967cca04ccb0dd2d6cf614fd94c4b95f507b580

COCOAPODS: 1.0.1
