// !$*UTF8*$!
{
	archiveVersion = 1;
	classes = {
	};
	objectVersion = 46;
	objects = {

/* Begin PBXBuildFile section */
		5703AB701DB4758E00220D5B /* AHNetworkUtils.swift in Sources */ = {isa = PBXBuildFile; fileRef = 5703AB6F1DB4758E00220D5B /* AHNetworkUtils.swift */; };
		5703AB7D1DB4B19900220D5B /* NSArray+Common.swift in Sources */ = {isa = PBXBuildFile; fileRef = 5703AB7C1DB4B19900220D5B /* NSArray+Common.swift */; };
		5703AB8A1DB52C2E00220D5B /* AHCreatedItemVC.swift in Sources */ = {isa = PBXBuildFile; fileRef = 5703AB881DB52C2E00220D5B /* AHCreatedItemVC.swift */; };
		5703AB8B1DB52C2E00220D5B /* HomeVC.swift in Sources */ = {isa = PBXBuildFile; fileRef = 5703AB891DB52C2E00220D5B /* HomeVC.swift */; };
		5703AB8D1DB52C7300220D5B /* AHCreatedSubItemsView.swift in Sources */ = {isa = PBXBuildFile; fileRef = 5703AB8C1DB52C7300220D5B /* AHCreatedSubItemsView.swift */; };
		5703AB8F1DB5D0B000220D5B /* AHCommonUtils.swift in Sources */ = {isa = PBXBuildFile; fileRef = 5703AB8E1DB5D0B000220D5B /* AHCommonUtils.swift */; };
		5742322F1DAE16D2005D5931 /* AppDelegate.swift in Sources */ = {isa = PBXBuildFile; fileRef = 5742322E1DAE16D2005D5931 /* AppDelegate.swift */; };
		574232311DAE16D2005D5931 /* ViewController.swift in Sources */ = {isa = PBXBuildFile; fileRef = 574232301DAE16D2005D5931 /* ViewController.swift */; };
		574232341DAE16D2005D5931 /* Main.storyboard in Resources */ = {isa = PBXBuildFile; fileRef = 574232321DAE16D2005D5931 /* Main.storyboard */; };
		574232361DAE16D2005D5931 /* Assets.xcassets in Resources */ = {isa = PBXBuildFile; fileRef = 574232351DAE16D2005D5931 /* Assets.xcassets */; };
		574232391DAE16D2005D5931 /* LaunchScreen.storyboard in Resources */ = {isa = PBXBuildFile; fileRef = 574232371DAE16D2005D5931 /* LaunchScreen.storyboard */; };
		574232441DAE16D2005D5931 /* BNAHDataRecoderTests.swift in Sources */ = {isa = PBXBuildFile; fileRef = 574232431DAE16D2005D5931 /* BNAHDataRecoderTests.swift */; };
		5742324F1DAE16D2005D5931 /* BNAHDataRecoderUITests.swift in Sources */ = {isa = PBXBuildFile; fileRef = 5742324E1DAE16D2005D5931 /* BNAHDataRecoderUITests.swift */; };
		574232651DAE24AB005D5931 /* AHTabBarController.swift in Sources */ = {isa = PBXBuildFile; fileRef = 574232641DAE24AB005D5931 /* AHTabBarController.swift */; };
		577EE07F1DAF674500288242 /* AHRadioButtonView.swift in Sources */ = {isa = PBXBuildFile; fileRef = 577EE07E1DAF674500288242 /* AHRadioButtonView.swift */; };
		57B2BA4D1DB0CD0A00A44C68 /* SDWebImage.framework in Frameworks */ = {isa = PBXBuildFile; fileRef = 57B2BA4C1DB0CD0A00A44C68 /* SDWebImage.framework */; };
		57B82B491DAE476A0074BD97 /* CommonDef.swift in Sources */ = {isa = PBXBuildFile; fileRef = 57B82B481DAE476A0074BD97 /* CommonDef.swift */; };
		57C1AFD01DB8BADD0024B0EE /* realm.json in Resources */ = {isa = PBXBuildFile; fileRef = 57C1AFCF1DB8BADD0024B0EE /* realm.json */; };
		57C72C931DB75CA500B19AF9 /* AHAutoCompleteTextFieldView.swift in Sources */ = {isa = PBXBuildFile; fileRef = 57C72C921DB75CA500B19AF9 /* AHAutoCompleteTextFieldView.swift */; };
		57F0901F1DB3C08600E06BB1 /* UIView+Layout.swift in Sources */ = {isa = PBXBuildFile; fileRef = 57F0901E1DB3C08600E06BB1 /* UIView+Layout.swift */; };
		57F090231DB3C0C700E06BB1 /* UIColor+Common.swift in Sources */ = {isa = PBXBuildFile; fileRef = 57F090221DB3C0C700E06BB1 /* UIColor+Common.swift */; };
		57F090251DB3CB7200E06BB1 /* String+Common.swift in Sources */ = {isa = PBXBuildFile; fileRef = 57F090241DB3CB7200E06BB1 /* String+Common.swift */; };
		57F090271DB3D05000E06BB1 /* AHNetApi.swift in Sources */ = {isa = PBXBuildFile; fileRef = 57F090261DB3D05000E06BB1 /* AHNetApi.swift */; };
		89F4050028A92DAC28CB82B8 /* Pods_BNAHDataRecoderTests.framework in Frameworks */ = {isa = PBXBuildFile; fileRef = 7C31F4F8F5A07517B6AE1349 /* Pods_BNAHDataRecoderTests.framework */; };
		B6BB70633E1984692E0031E5 /* Pods_BNAHDataRecoder.framework in Frameworks */ = {isa = PBXBuildFile; fileRef = 18D9FCE890BB33E735FDE82E /* Pods_BNAHDataRecoder.framework */; };
		B8F9AD6A9E038941CD2E5E42 /* Pods_BNAHDataRecoderUITests.framework in Frameworks */ = {isa = PBXBuildFile; fileRef = 18895C46C0D34830B352FD9C /* Pods_BNAHDataRecoderUITests.framework */; };
/* End PBXBuildFile section */

/* Begin PBXContainerItemProxy section */
		574232401DAE16D2005D5931 /* PBXContainerItemProxy */ = {
			isa = PBXContainerItemProxy;
			containerPortal = 574232231DAE16D2005D5931 /* Project object */;
			proxyType = 1;
			remoteGlobalIDString = 5742322A1DAE16D2005D5931;
			remoteInfo = BNAHDataRecoder;
		};
		5742324B1DAE16D2005D5931 /* PBXContainerItemProxy */ = {
			isa = PBXContainerItemProxy;
			containerPortal = 574232231DAE16D2005D5931 /* Project object */;
			proxyType = 1;
			remoteGlobalIDString = 5742322A1DAE16D2005D5931;
			remoteInfo = BNAHDataRecoder;
		};
/* End PBXContainerItemProxy section */

/* Begin PBXFileReference section */
		0444C80E5DF4246CF559B902 /* Pods-BNAHDataRecoderUITests.debug.xcconfig */ = {isa = PBXFileReference; includeInIndex = 1; lastKnownFileType = text.xcconfig; name = "Pods-BNAHDataRecoderUITests.debug.xcconfig"; path = "Pods/Target Support Files/Pods-BNAHDataRecoderUITests/Pods-BNAHDataRecoderUITests.debug.xcconfig"; sourceTree = "<group>"; };
		0CE015FCB365C60E1B0EE428 /* Pods-BNAHDataRecoder.release.xcconfig */ = {isa = PBXFileReference; includeInIndex = 1; lastKnownFileType = text.xcconfig; name = "Pods-BNAHDataRecoder.release.xcconfig"; path = "Pods/Target Support Files/Pods-BNAHDataRecoder/Pods-BNAHDataRecoder.release.xcconfig"; sourceTree = "<group>"; };
		18895C46C0D34830B352FD9C /* Pods_BNAHDataRecoderUITests.framework */ = {isa = PBXFileReference; explicitFileType = wrapper.framework; includeInIndex = 0; path = Pods_BNAHDataRecoderUITests.framework; sourceTree = BUILT_PRODUCTS_DIR; };
		18D9FCE890BB33E735FDE82E /* Pods_BNAHDataRecoder.framework */ = {isa = PBXFileReference; explicitFileType = wrapper.framework; includeInIndex = 0; path = Pods_BNAHDataRecoder.framework; sourceTree = BUILT_PRODUCTS_DIR; };
		5703AB6F1DB4758E00220D5B /* AHNetworkUtils.swift */ = {isa = PBXFileReference; fileEncoding = 4; lastKnownFileType = sourcecode.swift; path = AHNetworkUtils.swift; sourceTree = "<group>"; };
		5703AB7C1DB4B19900220D5B /* NSArray+Common.swift */ = {isa = PBXFileReference; fileEncoding = 4; lastKnownFileType = sourcecode.swift; path = "NSArray+Common.swift"; sourceTree = "<group>"; };
		5703AB881DB52C2E00220D5B /* AHCreatedItemVC.swift */ = {isa = PBXFileReference; fileEncoding = 4; lastKnownFileType = sourcecode.swift; path = AHCreatedItemVC.swift; sourceTree = "<group>"; };
		5703AB891DB52C2E00220D5B /* HomeVC.swift */ = {isa = PBXFileReference; fileEncoding = 4; lastKnownFileType = sourcecode.swift; path = HomeVC.swift; sourceTree = "<group>"; };
		5703AB8C1DB52C7300220D5B /* AHCreatedSubItemsView.swift */ = {isa = PBXFileReference; fileEncoding = 4; lastKnownFileType = sourcecode.swift; path = AHCreatedSubItemsView.swift; sourceTree = "<group>"; };
		5703AB8E1DB5D0B000220D5B /* AHCommonUtils.swift */ = {isa = PBXFileReference; fileEncoding = 4; lastKnownFileType = sourcecode.swift; path = AHCommonUtils.swift; sourceTree = "<group>"; };
		5742322B1DAE16D2005D5931 /* BNAHDataRecoder.app */ = {isa = PBXFileReference; explicitFileType = wrapper.application; includeInIndex = 0; path = BNAHDataRecoder.app; sourceTree = BUILT_PRODUCTS_DIR; };
		5742322E1DAE16D2005D5931 /* AppDelegate.swift */ = {isa = PBXFileReference; lastKnownFileType = sourcecode.swift; path = AppDelegate.swift; sourceTree = "<group>"; };
		574232301DAE16D2005D5931 /* ViewController.swift */ = {isa = PBXFileReference; lastKnownFileType = sourcecode.swift; path = ViewController.swift; sourceTree = "<group>"; };
		574232331DAE16D2005D5931 /* Base */ = {isa = PBXFileReference; lastKnownFileType = file.storyboard; name = Base; path = Base.lproj/Main.storyboard; sourceTree = "<group>"; };
		574232351DAE16D2005D5931 /* Assets.xcassets */ = {isa = PBXFileReference; lastKnownFileType = folder.assetcatalog; path = Assets.xcassets; sourceTree = "<group>"; };
		574232381DAE16D2005D5931 /* Base */ = {isa = PBXFileReference; lastKnownFileType = file.storyboard; name = Base; path = Base.lproj/LaunchScreen.storyboard; sourceTree = "<group>"; };
		5742323A1DAE16D2005D5931 /* Info.plist */ = {isa = PBXFileReference; lastKnownFileType = text.plist.xml; path = Info.plist; sourceTree = "<group>"; };
		5742323F1DAE16D2005D5931 /* BNAHDataRecoderTests.xctest */ = {isa = PBXFileReference; explicitFileType = wrapper.cfbundle; includeInIndex = 0; path = BNAHDataRecoderTests.xctest; sourceTree = BUILT_PRODUCTS_DIR; };
		574232431DAE16D2005D5931 /* BNAHDataRecoderTests.swift */ = {isa = PBXFileReference; lastKnownFileType = sourcecode.swift; path = BNAHDataRecoderTests.swift; sourceTree = "<group>"; };
		574232451DAE16D2005D5931 /* Info.plist */ = {isa = PBXFileReference; lastKnownFileType = text.plist.xml; path = Info.plist; sourceTree = "<group>"; };
		5742324A1DAE16D2005D5931 /* BNAHDataRecoderUITests.xctest */ = {isa = PBXFileReference; explicitFileType = wrapper.cfbundle; includeInIndex = 0; path = BNAHDataRecoderUITests.xctest; sourceTree = BUILT_PRODUCTS_DIR; };
		5742324E1DAE16D2005D5931 /* BNAHDataRecoderUITests.swift */ = {isa = PBXFileReference; lastKnownFileType = sourcecode.swift; path = BNAHDataRecoderUITests.swift; sourceTree = "<group>"; };
		574232501DAE16D2005D5931 /* Info.plist */ = {isa = PBXFileReference; lastKnownFileType = text.plist.xml; path = Info.plist; sourceTree = "<group>"; };
		574232641DAE24AB005D5931 /* AHTabBarController.swift */ = {isa = PBXFileReference; fileEncoding = 4; lastKnownFileType = sourcecode.swift; path = AHTabBarController.swift; sourceTree = "<group>"; };
		577EE07E1DAF674500288242 /* AHRadioButtonView.swift */ = {isa = PBXFileReference; fileEncoding = 4; lastKnownFileType = sourcecode.swift; path = AHRadioButtonView.swift; sourceTree = "<group>"; };
		57856D4D1DB616D700EC43AB /* Alamofire.framework */ = {isa = PBXFileReference; lastKnownFileType = wrapper.framework; name = Alamofire.framework; path = "../../../../Developer/Xcode/DerivedData/BNAHDataRecoder-ajskpmdutprfkxflmfxqejtdctwx/Build/Products/Debug-iphonesimulator/Alamofire/Alamofire.framework"; sourceTree = "<group>"; };
		57B2BA4C1DB0CD0A00A44C68 /* SDWebImage.framework */ = {isa = PBXFileReference; lastKnownFileType = wrapper.framework; name = SDWebImage.framework; path = "Pods/../build/Debug-iphoneos/SDWebImage/SDWebImage.framework"; sourceTree = "<group>"; };
		57B82B481DAE476A0074BD97 /* CommonDef.swift */ = {isa = PBXFileReference; fileEncoding = 4; lastKnownFileType = sourcecode.swift; path = CommonDef.swift; sourceTree = "<group>"; };
		57C1AFCF1DB8BADD0024B0EE /* realm.json */ = {isa = PBXFileReference; fileEncoding = 4; lastKnownFileType = text.json; path = realm.json; sourceTree = "<group>"; };
		57C72C921DB75CA500B19AF9 /* AHAutoCompleteTextFieldView.swift */ = {isa = PBXFileReference; fileEncoding = 4; lastKnownFileType = sourcecode.swift; path = AHAutoCompleteTextFieldView.swift; sourceTree = "<group>"; };
		57F0901E1DB3C08600E06BB1 /* UIView+Layout.swift */ = {isa = PBXFileReference; fileEncoding = 4; lastKnownFileType = sourcecode.swift; path = "UIView+Layout.swift"; sourceTree = "<group>"; };
		57F090221DB3C0C700E06BB1 /* UIColor+Common.swift */ = {isa = PBXFileReference; fileEncoding = 4; lastKnownFileType = sourcecode.swift; path = "UIColor+Common.swift"; sourceTree = "<group>"; };
		57F090241DB3CB7200E06BB1 /* String+Common.swift */ = {isa = PBXFileReference; fileEncoding = 4; lastKnownFileType = sourcecode.swift; path = "String+Common.swift"; sourceTree = "<group>"; };
		57F090261DB3D05000E06BB1 /* AHNetApi.swift */ = {isa = PBXFileReference; fileEncoding = 4; lastKnownFileType = sourcecode.swift; path = AHNetApi.swift; sourceTree = "<group>"; };
		5AA874BCC477249B50DA571D /* Pods-BNAHDataRecoderTests.release.xcconfig */ = {isa = PBXFileReference; includeInIndex = 1; lastKnownFileType = text.xcconfig; name = "Pods-BNAHDataRecoderTests.release.xcconfig"; path = "Pods/Target Support Files/Pods-BNAHDataRecoderTests/Pods-BNAHDataRecoderTests.release.xcconfig"; sourceTree = "<group>"; };
		7A923480ACDC2C523F015DE4 /* Pods-BNAHDataRecoder.debug.xcconfig */ = {isa = PBXFileReference; includeInIndex = 1; lastKnownFileType = text.xcconfig; name = "Pods-BNAHDataRecoder.debug.xcconfig"; path = "Pods/Target Support Files/Pods-BNAHDataRecoder/Pods-BNAHDataRecoder.debug.xcconfig"; sourceTree = "<group>"; };
		7B0B87A2B7AC6C5C8BEF433E /* Pods-BNAHDataRecoderTests.debug.xcconfig */ = {isa = PBXFileReference; includeInIndex = 1; lastKnownFileType = text.xcconfig; name = "Pods-BNAHDataRecoderTests.debug.xcconfig"; path = "Pods/Target Support Files/Pods-BNAHDataRecoderTests/Pods-BNAHDataRecoderTests.debug.xcconfig"; sourceTree = "<group>"; };
		7C31F4F8F5A07517B6AE1349 /* Pods_BNAHDataRecoderTests.framework */ = {isa = PBXFileReference; explicitFileType = wrapper.framework; includeInIndex = 0; path = Pods_BNAHDataRecoderTests.framework; sourceTree = BUILT_PRODUCTS_DIR; };
		CF4E9FAD115D06DCF063144D /* Pods-BNAHDataRecoderUITests.release.xcconfig */ = {isa = PBXFileReference; includeInIndex = 1; lastKnownFileType = text.xcconfig; name = "Pods-BNAHDataRecoderUITests.release.xcconfig"; path = "Pods/Target Support Files/Pods-BNAHDataRecoderUITests/Pods-BNAHDataRecoderUITests.release.xcconfig"; sourceTree = "<group>"; };
/* End PBXFileReference section */

/* Begin PBXFrameworksBuildPhase section */
		574232281DAE16D2005D5931 /* Frameworks */ = {
			isa = PBXFrameworksBuildPhase;
			buildActionMask = 2147483647;
			files = (
				57B2BA4D1DB0CD0A00A44C68 /* SDWebImage.framework in Frameworks */,
				B6BB70633E1984692E0031E5 /* Pods_BNAHDataRecoder.framework in Frameworks */,
			);
			runOnlyForDeploymentPostprocessing = 0;
		};
		5742323C1DAE16D2005D5931 /* Frameworks */ = {
			isa = PBXFrameworksBuildPhase;
			buildActionMask = 2147483647;
			files = (
				89F4050028A92DAC28CB82B8 /* Pods_BNAHDataRecoderTests.framework in Frameworks */,
			);
			runOnlyForDeploymentPostprocessing = 0;
		};
		574232471DAE16D2005D5931 /* Frameworks */ = {
			isa = PBXFrameworksBuildPhase;
			buildActionMask = 2147483647;
			files = (
				B8F9AD6A9E038941CD2E5E42 /* Pods_BNAHDataRecoderUITests.framework in Frameworks */,
			);
			runOnlyForDeploymentPostprocessing = 0;
		};
/* End PBXFrameworksBuildPhase section */

/* Begin PBXGroup section */
		4803F87425DC35835E41F5CB /* Frameworks */ = {
			isa = PBXGroup;
			children = (
				57856D4D1DB616D700EC43AB /* Alamofire.framework */,
				57B2BA4C1DB0CD0A00A44C68 /* SDWebImage.framework */,
				18D9FCE890BB33E735FDE82E /* Pods_BNAHDataRecoder.framework */,
				7C31F4F8F5A07517B6AE1349 /* Pods_BNAHDataRecoderTests.framework */,
				18895C46C0D34830B352FD9C /* Pods_BNAHDataRecoderUITests.framework */,
			);
			name = Frameworks;
			sourceTree = "<group>";
		};
		5703AB861DB52C2E00220D5B /* View */ = {
			isa = PBXGroup;
			children = (
				5703AB8C1DB52C7300220D5B /* AHCreatedSubItemsView.swift */,
			);
			path = View;
			sourceTree = "<group>";
		};
		5703AB871DB52C2E00220D5B /* VC */ = {
			isa = PBXGroup;
			children = (
				5703AB881DB52C2E00220D5B /* AHCreatedItemVC.swift */,
				5703AB891DB52C2E00220D5B /* HomeVC.swift */,
			);
			path = VC;
			sourceTree = "<group>";
		};
		574232221DAE16D2005D5931 = {
			isa = PBXGroup;
			children = (
				5742322D1DAE16D2005D5931 /* BNAHDataRecoder */,
				574232421DAE16D2005D5931 /* BNAHDataRecoderTests */,
				5742324D1DAE16D2005D5931 /* BNAHDataRecoderUITests */,
				5742322C1DAE16D2005D5931 /* Products */,
				C975FE9BE2A855A68613BB98 /* Pods */,
				4803F87425DC35835E41F5CB /* Frameworks */,
			);
			sourceTree = "<group>";
		};
		5742322C1DAE16D2005D5931 /* Products */ = {
			isa = PBXGroup;
			children = (
				5742322B1DAE16D2005D5931 /* BNAHDataRecoder.app */,
				5742323F1DAE16D2005D5931 /* BNAHDataRecoderTests.xctest */,
				5742324A1DAE16D2005D5931 /* BNAHDataRecoderUITests.xctest */,
			);
			name = Products;
			sourceTree = "<group>";
		};
		5742322D1DAE16D2005D5931 /* BNAHDataRecoder */ = {
			isa = PBXGroup;
			children = (
				5742325C1DAE1A4B005D5931 /* SRC */,
				5742322E1DAE16D2005D5931 /* AppDelegate.swift */,
				574232301DAE16D2005D5931 /* ViewController.swift */,
				574232321DAE16D2005D5931 /* Main.storyboard */,
				574232351DAE16D2005D5931 /* Assets.xcassets */,
				574232371DAE16D2005D5931 /* LaunchScreen.storyboard */,
				5742323A1DAE16D2005D5931 /* Info.plist */,
			);
			path = BNAHDataRecoder;
			sourceTree = "<group>";
		};
		574232421DAE16D2005D5931 /* BNAHDataRecoderTests */ = {
			isa = PBXGroup;
			children = (
				574232431DAE16D2005D5931 /* BNAHDataRecoderTests.swift */,
				574232451DAE16D2005D5931 /* Info.plist */,
			);
			path = BNAHDataRecoderTests;
			sourceTree = "<group>";
		};
		5742324D1DAE16D2005D5931 /* BNAHDataRecoderUITests */ = {
			isa = PBXGroup;
			children = (
				5742324E1DAE16D2005D5931 /* BNAHDataRecoderUITests.swift */,
				574232501DAE16D2005D5931 /* Info.plist */,
			);
			path = BNAHDataRecoderUITests;
			sourceTree = "<group>";
		};
		5742325C1DAE1A4B005D5931 /* SRC */ = {
			isa = PBXGroup;
			children = (
				57C1AFCF1DB8BADD0024B0EE /* realm.json */,
				5742325F1DAE1A4B005D5931 /* HomePage */,
				5742325D1DAE1A4B005D5931 /* Common */,
				574232601DAE1A4B005D5931 /* Utils */,
			);
			path = SRC;
			sourceTree = "<group>";
		};
		5742325D1DAE1A4B005D5931 /* Common */ = {
			isa = PBXGroup;
			children = (
				574232631DAE2468005D5931 /* AppRoot */,
				5742325E1DAE1A4B005D5931 /* Network */,
				57B82B481DAE476A0074BD97 /* CommonDef.swift */,
				5703AB8E1DB5D0B000220D5B /* AHCommonUtils.swift */,
			);
			path = Common;
			sourceTree = "<group>";
		};
		5742325E1DAE1A4B005D5931 /* Network */ = {
			isa = PBXGroup;
			children = (
				57F090261DB3D05000E06BB1 /* AHNetApi.swift */,
				5703AB6F1DB4758E00220D5B /* AHNetworkUtils.swift */,
			);
			path = Network;
			sourceTree = "<group>";
		};
		5742325F1DAE1A4B005D5931 /* HomePage */ = {
			isa = PBXGroup;
			children = (
				5703AB861DB52C2E00220D5B /* View */,
				5703AB871DB52C2E00220D5B /* VC */,
			);
			path = HomePage;
			sourceTree = "<group>";
		};
		574232601DAE1A4B005D5931 /* Utils */ = {
			isa = PBXGroup;
			children = (
				57F0901D1DB3C08600E06BB1 /* Extensions */,
				577EE07D1DAF671800288242 /* View */,
			);
			path = Utils;
			sourceTree = "<group>";
		};
		574232631DAE2468005D5931 /* AppRoot */ = {
			isa = PBXGroup;
			children = (
				574232641DAE24AB005D5931 /* AHTabBarController.swift */,
			);
			path = AppRoot;
			sourceTree = "<group>";
		};
		577EE07D1DAF671800288242 /* View */ = {
			isa = PBXGroup;
			children = (
				577EE07E1DAF674500288242 /* AHRadioButtonView.swift */,
				57C72C921DB75CA500B19AF9 /* AHAutoCompleteTextFieldView.swift */,
			);
			path = View;
			sourceTree = "<group>";
		};
		57F0901D1DB3C08600E06BB1 /* Extensions */ = {
			isa = PBXGroup;
			children = (
				57F0901E1DB3C08600E06BB1 /* UIView+Layout.swift */,
				57F090221DB3C0C700E06BB1 /* UIColor+Common.swift */,
				57F090241DB3CB7200E06BB1 /* String+Common.swift */,
				5703AB7C1DB4B19900220D5B /* NSArray+Common.swift */,
			);
			path = Extensions;
			sourceTree = "<group>";
		};
		C975FE9BE2A855A68613BB98 /* Pods */ = {
			isa = PBXGroup;
			children = (
				7A923480ACDC2C523F015DE4 /* Pods-BNAHDataRecoder.debug.xcconfig */,
				0CE015FCB365C60E1B0EE428 /* Pods-BNAHDataRecoder.release.xcconfig */,
				7B0B87A2B7AC6C5C8BEF433E /* Pods-BNAHDataRecoderTests.debug.xcconfig */,
				5AA874BCC477249B50DA571D /* Pods-BNAHDataRecoderTests.release.xcconfig */,
				0444C80E5DF4246CF559B902 /* Pods-BNAHDataRecoderUITests.debug.xcconfig */,
				CF4E9FAD115D06DCF063144D /* Pods-BNAHDataRecoderUITests.release.xcconfig */,
			);
			name = Pods;
			sourceTree = "<group>";
		};
/* End PBXGroup section */

/* Begin PBXNativeTarget section */
		5742322A1DAE16D2005D5931 /* BNAHDataRecoder */ = {
			isa = PBXNativeTarget;
			buildConfigurationList = 574232531DAE16D2005D5931 /* Build configuration list for PBXNativeTarget "BNAHDataRecoder" */;
			buildPhases = (
				67D89BCC48361AAD92BEFA62 /* [CP] Check Pods Manifest.lock */,
				574232271DAE16D2005D5931 /* Sources */,
				574232281DAE16D2005D5931 /* Frameworks */,
				574232291DAE16D2005D5931 /* Resources */,
				B407B1214254301EA2A0A9BA /* [CP] Embed Pods Frameworks */,
				75E2A6316E901BADFC4632C8 /* [CP] Copy Pods Resources */,
			);
			buildRules = (
			);
			dependencies = (
			);
			name = BNAHDataRecoder;
			productName = BNAHDataRecoder;
			productReference = 5742322B1DAE16D2005D5931 /* BNAHDataRecoder.app */;
			productType = "com.apple.product-type.application";
		};
		5742323E1DAE16D2005D5931 /* BNAHDataRecoderTests */ = {
			isa = PBXNativeTarget;
			buildConfigurationList = 574232561DAE16D2005D5931 /* Build configuration list for PBXNativeTarget "BNAHDataRecoderTests" */;
			buildPhases = (
				283E901EBE46AD4C808531A4 /* [CP] Check Pods Manifest.lock */,
				5742323B1DAE16D2005D5931 /* Sources */,
				5742323C1DAE16D2005D5931 /* Frameworks */,
				5742323D1DAE16D2005D5931 /* Resources */,
				552BEDDB21965155532A2A9F /* [CP] Embed Pods Frameworks */,
				8ED85C608D2AD9D495D508F1 /* [CP] Copy Pods Resources */,
			);
			buildRules = (
			);
			dependencies = (
				574232411DAE16D2005D5931 /* PBXTargetDependency */,
			);
			name = BNAHDataRecoderTests;
			productName = BNAHDataRecoderTests;
			productReference = 5742323F1DAE16D2005D5931 /* BNAHDataRecoderTests.xctest */;
			productType = "com.apple.product-type.bundle.unit-test";
		};
		574232491DAE16D2005D5931 /* BNAHDataRecoderUITests */ = {
			isa = PBXNativeTarget;
			buildConfigurationList = 574232591DAE16D2005D5931 /* Build configuration list for PBXNativeTarget "BNAHDataRecoderUITests" */;
			buildPhases = (
				F992B1D9CA8DA84209B33333 /* [CP] Check Pods Manifest.lock */,
				574232461DAE16D2005D5931 /* Sources */,
				574232471DAE16D2005D5931 /* Frameworks */,
				574232481DAE16D2005D5931 /* Resources */,
				2FD0AE87E18714D28917F3FE /* [CP] Copy Pods Resources */,
			);
			buildRules = (
			);
			dependencies = (
				5742324C1DAE16D2005D5931 /* PBXTargetDependency */,
			);
			name = BNAHDataRecoderUITests;
			productName = BNAHDataRecoderUITests;
			productReference = 5742324A1DAE16D2005D5931 /* BNAHDataRecoderUITests.xctest */;
			productType = "com.apple.product-type.bundle.ui-testing";
		};
/* End PBXNativeTarget section */

/* Begin PBXProject section */
		574232231DAE16D2005D5931 /* Project object */ = {
			isa = PBXProject;
			attributes = {
				LastSwiftUpdateCheck = 0800;
				LastUpgradeCheck = 0800;
				ORGANIZATIONNAME = lincwee;
				TargetAttributes = {
					5742322A1DAE16D2005D5931 = {
						CreatedOnToolsVersion = 8.0;
						DevelopmentTeam = 2R29L8H96X;
						ProvisioningStyle = Automatic;
					};
					5742323E1DAE16D2005D5931 = {
						CreatedOnToolsVersion = 8.0;
						DevelopmentTeam = 2R29L8H96X;
						ProvisioningStyle = Automatic;
						TestTargetID = 5742322A1DAE16D2005D5931;
					};
					574232491DAE16D2005D5931 = {
						CreatedOnToolsVersion = 8.0;
						ProvisioningStyle = Automatic;
						TestTargetID = 5742322A1DAE16D2005D5931;
					};
				};
			};
			buildConfigurationList = 574232261DAE16D2005D5931 /* Build configuration list for PBXProject "BNAHDataRecoder" */;
			compatibilityVersion = "Xcode 3.2";
			developmentRegion = English;
			hasScannedForEncodings = 0;
			knownRegions = (
				en,
				Base,
			);
			mainGroup = 574232221DAE16D2005D5931;
			productRefGroup = 5742322C1DAE16D2005D5931 /* Products */;
			projectDirPath = "";
			projectRoot = "";
			targets = (
				5742322A1DAE16D2005D5931 /* BNAHDataRecoder */,
				5742323E1DAE16D2005D5931 /* BNAHDataRecoderTests */,
				574232491DAE16D2005D5931 /* BNAHDataRecoderUITests */,
			);
		};
/* End PBXProject section */

/* Begin PBXResourcesBuildPhase section */
		574232291DAE16D2005D5931 /* Resources */ = {
			isa = PBXResourcesBuildPhase;
			buildActionMask = 2147483647;
			files = (
				574232391DAE16D2005D5931 /* LaunchScreen.storyboard in Resources */,
				574232361DAE16D2005D5931 /* Assets.xcassets in Resources */,
				574232341DAE16D2005D5931 /* Main.storyboard in Resources */,
				57C1AFD01DB8BADD0024B0EE /* realm.json in Resources */,
			);
			runOnlyForDeploymentPostprocessing = 0;
		};
		5742323D1DAE16D2005D5931 /* Resources */ = {
			isa = PBXResourcesBuildPhase;
			buildActionMask = 2147483647;
			files = (
			);
			runOnlyForDeploymentPostprocessing = 0;
		};
		574232481DAE16D2005D5931 /* Resources */ = {
			isa = PBXResourcesBuildPhase;
			buildActionMask = 2147483647;
			files = (
			);
			runOnlyForDeploymentPostprocessing = 0;
		};
/* End PBXResourcesBuildPhase section */

/* Begin PBXShellScriptBuildPhase section */
		283E901EBE46AD4C808531A4 /* [CP] Check Pods Manifest.lock */ = {
			isa = PBXShellScriptBuildPhase;
			buildActionMask = 2147483647;
			files = (
			);
			inputPaths = (
			);
			name = "[CP] Check Pods Manifest.lock";
			outputPaths = (
			);
			runOnlyForDeploymentPostprocessing = 0;
			shellPath = /bin/sh;
			shellScript = "diff \"${PODS_ROOT}/../Podfile.lock\" \"${PODS_ROOT}/Manifest.lock\" > /dev/null\nif [[ $? != 0 ]] ; then\n    cat << EOM\nerror: The sandbox is not in sync with the Podfile.lock. Run 'pod install' or update your CocoaPods installation.\nEOM\n    exit 1\nfi\n";
			showEnvVarsInLog = 0;
		};
		2FD0AE87E18714D28917F3FE /* [CP] Copy Pods Resources */ = {
			isa = PBXShellScriptBuildPhase;
			buildActionMask = 2147483647;
			files = (
			);
			inputPaths = (
			);
			name = "[CP] Copy Pods Resources";
			outputPaths = (
			);
			runOnlyForDeploymentPostprocessing = 0;
			shellPath = /bin/sh;
			shellScript = "\"${SRCROOT}/Pods/Target Support Files/Pods-BNAHDataRecoderUITests/Pods-BNAHDataRecoderUITests-resources.sh\"\n";
			showEnvVarsInLog = 0;
		};
		552BEDDB21965155532A2A9F /* [CP] Embed Pods Frameworks */ = {
			isa = PBXShellScriptBuildPhase;
			buildActionMask = 2147483647;
			files = (
			);
			inputPaths = (
			);
			name = "[CP] Embed Pods Frameworks";
			outputPaths = (
			);
			runOnlyForDeploymentPostprocessing = 0;
			shellPath = /bin/sh;
			shellScript = "\"${SRCROOT}/Pods/Target Support Files/Pods-BNAHDataRecoderTests/Pods-BNAHDataRecoderTests-frameworks.sh\"\n";
			showEnvVarsInLog = 0;
		};
		67D89BCC48361AAD92BEFA62 /* [CP] Check Pods Manifest.lock */ = {
			isa = PBXShellScriptBuildPhase;
			buildActionMask = 2147483647;
			files = (
			);
			inputPaths = (
			);
			name = "[CP] Check Pods Manifest.lock";
			outputPaths = (
			);
			runOnlyForDeploymentPostprocessing = 0;
			shellPath = /bin/sh;
			shellScript = "diff \"${PODS_ROOT}/../Podfile.lock\" \"${PODS_ROOT}/Manifest.lock\" > /dev/null\nif [[ $? != 0 ]] ; then\n    cat << EOM\nerror: The sandbox is not in sync with the Podfile.lock. Run 'pod install' or update your CocoaPods installation.\nEOM\n    exit 1\nfi\n";
			showEnvVarsInLog = 0;
		};
		75E2A6316E901BADFC4632C8 /* [CP] Copy Pods Resources */ = {
			isa = PBXShellScriptBuildPhase;
			buildActionMask = 2147483647;
			files = (
			);
			inputPaths = (
			);
			name = "[CP] Copy Pods Resources";
			outputPaths = (
			);
			runOnlyForDeploymentPostprocessing = 0;
			shellPath = /bin/sh;
			shellScript = "\"${SRCROOT}/Pods/Target Support Files/Pods-BNAHDataRecoder/Pods-BNAHDataRecoder-resources.sh\"\n";
			showEnvVarsInLog = 0;
		};
		8ED85C608D2AD9D495D508F1 /* [CP] Copy Pods Resources */ = {
			isa = PBXShellScriptBuildPhase;
			buildActionMask = 2147483647;
			files = (
			);
			inputPaths = (
			);
			name = "[CP] Copy Pods Resources";
			outputPaths = (
			);
			runOnlyForDeploymentPostprocessing = 0;
			shellPath = /bin/sh;
			shellScript = "\"${SRCROOT}/Pods/Target Support Files/Pods-BNAHDataRecoderTests/Pods-BNAHDataRecoderTests-resources.sh\"\n";
			showEnvVarsInLog = 0;
		};
		B407B1214254301EA2A0A9BA /* [CP] Embed Pods Frameworks */ = {
			isa = PBXShellScriptBuildPhase;
			buildActionMask = 2147483647;
			files = (
			);
			inputPaths = (
			);
			name = "[CP] Embed Pods Frameworks";
			outputPaths = (
			);
			runOnlyForDeploymentPostprocessing = 0;
			shellPath = /bin/sh;
			shellScript = "\"${SRCROOT}/Pods/Target Support Files/Pods-BNAHDataRecoder/Pods-BNAHDataRecoder-frameworks.sh\"\n";
			showEnvVarsInLog = 0;
		};
		F992B1D9CA8DA84209B33333 /* [CP] Check Pods Manifest.lock */ = {
			isa = PBXShellScriptBuildPhase;
			buildActionMask = 2147483647;
			files = (
			);
			inputPaths = (
			);
			name = "[CP] Check Pods Manifest.lock";
			outputPaths = (
			);
			runOnlyForDeploymentPostprocessing = 0;
			shellPath = /bin/sh;
			shellScript = "diff \"${PODS_ROOT}/../Podfile.lock\" \"${PODS_ROOT}/Manifest.lock\" > /dev/null\nif [[ $? != 0 ]] ; then\n    cat << EOM\nerror: The sandbox is not in sync with the Podfile.lock. Run 'pod install' or update your CocoaPods installation.\nEOM\n    exit 1\nfi\n";
			showEnvVarsInLog = 0;
		};
/* End PBXShellScriptBuildPhase section */

/* Begin PBXSourcesBuildPhase section */
		574232271DAE16D2005D5931 /* Sources */ = {
			isa = PBXSourcesBuildPhase;
			buildActionMask = 2147483647;
			files = (
				57F090231DB3C0C700E06BB1 /* UIColor+Common.swift in Sources */,
				57C72C931DB75CA500B19AF9 /* AHAutoCompleteTextFieldView.swift in Sources */,
				57B82B491DAE476A0074BD97 /* CommonDef.swift in Sources */,
				574232311DAE16D2005D5931 /* ViewController.swift in Sources */,
				5703AB7D1DB4B19900220D5B /* NSArray+Common.swift in Sources */,
				5703AB8F1DB5D0B000220D5B /* AHCommonUtils.swift in Sources */,
				5703AB8D1DB52C7300220D5B /* AHCreatedSubItemsView.swift in Sources */,
				5703AB8B1DB52C2E00220D5B /* HomeVC.swift in Sources */,
				5703AB701DB4758E00220D5B /* AHNetworkUtils.swift in Sources */,
				5703AB8A1DB52C2E00220D5B /* AHCreatedItemVC.swift in Sources */,
				57F090251DB3CB7200E06BB1 /* String+Common.swift in Sources */,
				5742322F1DAE16D2005D5931 /* AppDelegate.swift in Sources */,
				574232651DAE24AB005D5931 /* AHTabBarController.swift in Sources */,
				57F090271DB3D05000E06BB1 /* AHNetApi.swift in Sources */,
				57F0901F1DB3C08600E06BB1 /* UIView+Layout.swift in Sources */,
				577EE07F1DAF674500288242 /* AHRadioButtonView.swift in Sources */,
			);
			runOnlyForDeploymentPostprocessing = 0;
		};
		5742323B1DAE16D2005D5931 /* Sources */ = {
			isa = PBXSourcesBuildPhase;
			buildActionMask = 2147483647;
			files = (
				574232441DAE16D2005D5931 /* BNAHDataRecoderTests.swift in Sources */,
			);
			runOnlyForDeploymentPostprocessing = 0;
		};
		574232461DAE16D2005D5931 /* Sources */ = {
			isa = PBXSourcesBuildPhase;
			buildActionMask = 2147483647;
			files = (
				5742324F1DAE16D2005D5931 /* BNAHDataRecoderUITests.swift in Sources */,
			);
			runOnlyForDeploymentPostprocessing = 0;
		};
/* End PBXSourcesBuildPhase section */

/* Begin PBXTargetDependency section */
		574232411DAE16D2005D5931 /* PBXTargetDependency */ = {
			isa = PBXTargetDependency;
			target = 5742322A1DAE16D2005D5931 /* BNAHDataRecoder */;
			targetProxy = 574232401DAE16D2005D5931 /* PBXContainerItemProxy */;
		};
		5742324C1DAE16D2005D5931 /* PBXTargetDependency */ = {
			isa = PBXTargetDependency;
			target = 5742322A1DAE16D2005D5931 /* BNAHDataRecoder */;
			targetProxy = 5742324B1DAE16D2005D5931 /* PBXContainerItemProxy */;
		};
/* End PBXTargetDependency section */

/* Begin PBXVariantGroup section */
		574232321DAE16D2005D5931 /* Main.storyboard */ = {
			isa = PBXVariantGroup;
			children = (
				574232331DAE16D2005D5931 /* Base */,
			);
			name = Main.storyboard;
			sourceTree = "<group>";
		};
		574232371DAE16D2005D5931 /* LaunchScreen.storyboard */ = {
			isa = PBXVariantGroup;
			children = (
				574232381DAE16D2005D5931 /* Base */,
			);
			name = LaunchScreen.storyboard;
			sourceTree = "<group>";
		};
/* End PBXVariantGroup section */

/* Begin XCBuildConfiguration section */
		574232511DAE16D2005D5931 /* Debug */ = {
			isa = XCBuildConfiguration;
			buildSettings = {
				ALWAYS_SEARCH_USER_PATHS = NO;
				CLANG_ANALYZER_NONNULL = YES;
				CLANG_CXX_LANGUAGE_STANDARD = "gnu++0x";
				CLANG_CXX_LIBRARY = "libc++";
				CLANG_ENABLE_MODULES = YES;
				CLANG_ENABLE_OBJC_ARC = YES;
				CLANG_WARN_BOOL_CONVERSION = YES;
				CLANG_WARN_CONSTANT_CONVERSION = YES;
				CLANG_WARN_DIRECT_OBJC_ISA_USAGE = YES_ERROR;
				CLANG_WARN_DOCUMENTATION_COMMENTS = YES;
				CLANG_WARN_EMPTY_BODY = YES;
				CLANG_WARN_ENUM_CONVERSION = YES;
				CLANG_WARN_INFINITE_RECURSION = YES;
				CLANG_WARN_INT_CONVERSION = YES;
				CLANG_WARN_OBJC_ROOT_CLASS = YES_ERROR;
				CLANG_WARN_SUSPICIOUS_MOVES = YES;
				CLANG_WARN_UNREACHABLE_CODE = YES;
				CLANG_WARN__DUPLICATE_METHOD_MATCH = YES;
				"CODE_SIGN_IDENTITY[sdk=iphoneos*]" = "iPhone Developer";
				COPY_PHASE_STRIP = NO;
				DEBUG_INFORMATION_FORMAT = dwarf;
				ENABLE_STRICT_OBJC_MSGSEND = YES;
				ENABLE_TESTABILITY = YES;
				GCC_C_LANGUAGE_STANDARD = gnu99;
				GCC_DYNAMIC_NO_PIC = NO;
				GCC_NO_COMMON_BLOCKS = YES;
				GCC_OPTIMIZATION_LEVEL = 0;
				GCC_PREPROCESSOR_DEFINITIONS = (
					"DEBUG=1",
					"$(inherited)",
				);
				GCC_WARN_64_TO_32_BIT_CONVERSION = YES;
				GCC_WARN_ABOUT_RETURN_TYPE = YES_ERROR;
				GCC_WARN_UNDECLARED_SELECTOR = YES;
				GCC_WARN_UNINITIALIZED_AUTOS = YES_AGGRESSIVE;
				GCC_WARN_UNUSED_FUNCTION = YES;
				GCC_WARN_UNUSED_VARIABLE = YES;
				IPHONEOS_DEPLOYMENT_TARGET = 10.0;
				MTL_ENABLE_DEBUG_INFO = YES;
				ONLY_ACTIVE_ARCH = YES;
				SDKROOT = iphoneos;
				SWIFT_ACTIVE_COMPILATION_CONDITIONS = DEBUG;
				SWIFT_OPTIMIZATION_LEVEL = "-Onone";
			};
			name = Debug;
		};
		574232521DAE16D2005D5931 /* Release */ = {
			isa = XCBuildConfiguration;
			buildSettings = {
				ALWAYS_SEARCH_USER_PATHS = NO;
				CLANG_ANALYZER_NONNULL = YES;
				CLANG_CXX_LANGUAGE_STANDARD = "gnu++0x";
				CLANG_CXX_LIBRARY = "libc++";
				CLANG_ENABLE_MODULES = YES;
				CLANG_ENABLE_OBJC_ARC = YES;
				CLANG_WARN_BOOL_CONVERSION = YES;
				CLANG_WARN_CONSTANT_CONVERSION = YES;
				CLANG_WARN_DIRECT_OBJC_ISA_USAGE = YES_ERROR;
				CLANG_WARN_DOCUMENTATION_COMMENTS = YES;
				CLANG_WARN_EMPTY_BODY = YES;
				CLANG_WARN_ENUM_CONVERSION = YES;
				CLANG_WARN_INFINITE_RECURSION = YES;
				CLANG_WARN_INT_CONVERSION = YES;
				CLANG_WARN_OBJC_ROOT_CLASS = YES_ERROR;
				CLANG_WARN_SUSPICIOUS_MOVES = YES;
				CLANG_WARN_UNREACHABLE_CODE = YES;
				CLANG_WARN__DUPLICATE_METHOD_MATCH = YES;
				"CODE_SIGN_IDENTITY[sdk=iphoneos*]" = "iPhone Developer";
				COPY_PHASE_STRIP = NO;
				DEBUG_INFORMATION_FORMAT = "dwarf-with-dsym";
				ENABLE_NS_ASSERTIONS = NO;
				ENABLE_STRICT_OBJC_MSGSEND = YES;
				GCC_C_LANGUAGE_STANDARD = gnu99;
				GCC_NO_COMMON_BLOCKS = YES;
				GCC_WARN_64_TO_32_BIT_CONVERSION = YES;
				GCC_WARN_ABOUT_RETURN_TYPE = YES_ERROR;
				GCC_WARN_UNDECLARED_SELECTOR = YES;
				GCC_WARN_UNINITIALIZED_AUTOS = YES_AGGRESSIVE;
				GCC_WARN_UNUSED_FUNCTION = YES;
				GCC_WARN_UNUSED_VARIABLE = YES;
				IPHONEOS_DEPLOYMENT_TARGET = 10.0;
				MTL_ENABLE_DEBUG_INFO = NO;
				SDKROOT = iphoneos;
				SWIFT_OPTIMIZATION_LEVEL = "-Owholemodule";
				VALIDATE_PRODUCT = YES;
			};
			name = Release;
		};
		574232541DAE16D2005D5931 /* Debug */ = {
			isa = XCBuildConfiguration;
			baseConfigurationReference = 7A923480ACDC2C523F015DE4 /* Pods-BNAHDataRecoder.debug.xcconfig */;
			buildSettings = {
				ASSETCATALOG_COMPILER_APPICON_NAME = AppIcon;
				DEVELOPMENT_TEAM = 2R29L8H96X;
				FRAMEWORK_SEARCH_PATHS = (
					"$(inherited)",
					"$(PROJECT_DIR)/build/Debug-iphoneos/SDWebImage",
					"$(PROJECT_DIR)/BNAHDataRecoder/SRC",
				);
				INFOPLIST_FILE = BNAHDataRecoder/Info.plist;
				LD_RUNPATH_SEARCH_PATHS = "$(inherited) @executable_path/Frameworks";
				PRODUCT_BUNDLE_IDENTIFIER = lincwee.BNAHDataRecoder;
				PRODUCT_NAME = "$(TARGET_NAME)";
				SWIFT_VERSION = 3.0;
			};
			name = Debug;
		};
		574232551DAE16D2005D5931 /* Release */ = {
			isa = XCBuildConfiguration;
			baseConfigurationReference = 0CE015FCB365C60E1B0EE428 /* Pods-BNAHDataRecoder.release.xcconfig */;
			buildSettings = {
				ASSETCATALOG_COMPILER_APPICON_NAME = AppIcon;
				DEVELOPMENT_TEAM = 2R29L8H96X;
				FRAMEWORK_SEARCH_PATHS = (
					"$(inherited)",
					"$(PROJECT_DIR)/build/Debug-iphoneos/SDWebImage",
					"$(PROJECT_DIR)/BNAHDataRecoder/SRC",
				);
				INFOPLIST_FILE = BNAHDataRecoder/Info.plist;
				LD_RUNPATH_SEARCH_PATHS = "$(inherited) @executable_path/Frameworks";
				PRODUCT_BUNDLE_IDENTIFIER = lincwee.BNAHDataRecoder;
				PRODUCT_NAME = "$(TARGET_NAME)";
				SWIFT_VERSION = 3.0;
			};
			name = Release;
		};
		574232571DAE16D2005D5931 /* Debug */ = {
			isa = XCBuildConfiguration;
			baseConfigurationReference = 7B0B87A2B7AC6C5C8BEF433E /* Pods-BNAHDataRecoderTests.debug.xcconfig */;
			buildSettings = {
				ALWAYS_EMBED_SWIFT_STANDARD_LIBRARIES = YES;
				BUNDLE_LOADER = "$(TEST_HOST)";
				DEVELOPMENT_TEAM = 2R29L8H96X;
				INFOPLIST_FILE = BNAHDataRecoderTests/Info.plist;
				LD_RUNPATH_SEARCH_PATHS = "$(inherited) @executable_path/Frameworks @loader_path/Frameworks";
				PRODUCT_BUNDLE_IDENTIFIER = lincwee.BNAHDataRecoderTests;
				PRODUCT_NAME = "$(TARGET_NAME)";
				SWIFT_VERSION = 3.0;
				TEST_HOST = "$(BUILT_PRODUCTS_DIR)/BNAHDataRecoder.app/BNAHDataRecoder";
			};
			name = Debug;
		};
		574232581DAE16D2005D5931 /* Release */ = {
			isa = XCBuildConfiguration;
			baseConfigurationReference = 5AA874BCC477249B50DA571D /* Pods-BNAHDataRecoderTests.release.xcconfig */;
			buildSettings = {
				ALWAYS_EMBED_SWIFT_STANDARD_LIBRARIES = YES;
				BUNDLE_LOADER = "$(TEST_HOST)";
				DEVELOPMENT_TEAM = 2R29L8H96X;
				INFOPLIST_FILE = BNAHDataRecoderTests/Info.plist;
				LD_RUNPATH_SEARCH_PATHS = "$(inherited) @executable_path/Frameworks @loader_path/Frameworks";
				PRODUCT_BUNDLE_IDENTIFIER = lincwee.BNAHDataRecoderTests;
				PRODUCT_NAME = "$(TARGET_NAME)";
				SWIFT_VERSION = 3.0;
				TEST_HOST = "$(BUILT_PRODUCTS_DIR)/BNAHDataRecoder.app/BNAHDataRecoder";
			};
			name = Release;
		};
		5742325A1DAE16D2005D5931 /* Debug */ = {
			isa = XCBuildConfiguration;
			baseConfigurationReference = 0444C80E5DF4246CF559B902 /* Pods-BNAHDataRecoderUITests.debug.xcconfig */;
			buildSettings = {
				ALWAYS_EMBED_SWIFT_STANDARD_LIBRARIES = YES;
				INFOPLIST_FILE = BNAHDataRecoderUITests/Info.plist;
				LD_RUNPATH_SEARCH_PATHS = "$(inherited) @executable_path/Frameworks @loader_path/Frameworks";
				PRODUCT_BUNDLE_IDENTIFIER = lincwee.BNAHDataRecoderUITests;
				PRODUCT_NAME = "$(TARGET_NAME)";
				SWIFT_VERSION = 3.0;
				TEST_TARGET_NAME = BNAHDataRecoder;
			};
			name = Debug;
		};
		5742325B1DAE16D2005D5931 /* Release */ = {
			isa = XCBuildConfiguration;
			baseConfigurationReference = CF4E9FAD115D06DCF063144D /* Pods-BNAHDataRecoderUITests.release.xcconfig */;
			buildSettings = {
				ALWAYS_EMBED_SWIFT_STANDARD_LIBRARIES = YES;
				INFOPLIST_FILE = BNAHDataRecoderUITests/Info.plist;
				LD_RUNPATH_SEARCH_PATHS = "$(inherited) @executable_path/Frameworks @loader_path/Frameworks";
				PRODUCT_BUNDLE_IDENTIFIER = lincwee.BNAHDataRecoderUITests;
				PRODUCT_NAME = "$(TARGET_NAME)";
				SWIFT_VERSION = 3.0;
				TEST_TARGET_NAME = BNAHDataRecoder;
			};
			name = Release;
		};
/* End XCBuildConfiguration section */

/* Begin XCConfigurationList section */
		574232261DAE16D2005D5931 /* Build configuration list for PBXProject "BNAHDataRecoder" */ = {
			isa = XCConfigurationList;
			buildConfigurations = (
				574232511DAE16D2005D5931 /* Debug */,
				574232521DAE16D2005D5931 /* Release */,
			);
			defaultConfigurationIsVisible = 0;
			defaultConfigurationName = Release;
		};
		574232531DAE16D2005D5931 /* Build configuration list for PBXNativeTarget "BNAHDataRecoder" */ = {
			isa = XCConfigurationList;
			buildConfigurations = (
				574232541DAE16D2005D5931 /* Debug */,
				574232551DAE16D2005D5931 /* Release */,
			);
			defaultConfigurationIsVisible = 0;
			defaultConfigurationName = Release;
		};
		574232561DAE16D2005D5931 /* Build configuration list for PBXNativeTarget "BNAHDataRecoderTests" */ = {
			isa = XCConfigurationList;
			buildConfigurations = (
				574232571DAE16D2005D5931 /* Debug */,
				574232581DAE16D2005D5931 /* Release */,
			);
			defaultConfigurationIsVisible = 0;
			defaultConfigurationName = Release;
		};
		574232591DAE16D2005D5931 /* Build configuration list for PBXNativeTarget "BNAHDataRecoderUITests" */ = {
			isa = XCConfigurationList;
			buildConfigurations = (
				5742325A1DAE16D2005D5931 /* Debug */,
				5742325B1DAE16D2005D5931 /* Release */,
			);
			defaultConfigurationIsVisible = 0;
			defaultConfigurationName = Release;
		};
/* End XCConfigurationList section */
	};
	rootObject = 574232231DAE16D2005D5931 /* Project object */;
}
